
Microsoft Visual Studio Solution File, Format Version 12.00
# Visual Studio Version 17
VisualStudioVersion = 17.2.32526.322
MinimumVisualStudioVersion = 10.0.40219.1
Project("{FAE04EC0-301F-11D3-BF4B-00C04F79EFBC}") = "InterestApi", "InterestApi\InterestApi.csproj", "{F5BE91A8-35C8-4FBC-BAFE-3CEEFA165AE3}"
EndProject
Global
	GlobalSection(SolutionConfigurationPlatforms) = preSolution
		Debug|Any CPU = Debug|Any CPU
		Release|Any CPU = Release|Any CPU
	EndGlobalSection
	GlobalSection(ProjectConfigurationPlatforms) = postSolution
		{F5BE91A8-35C8-4FBC-BAFE-3CEEFA165AE3}.Debug|Any CPU.ActiveCfg = Debug|Any CPU
		{F5BE91A8-35C8-4FBC-BAFE-3CEEFA165AE3}.Debug|Any CPU.Build.0 = Debug|Any CPU
		{F5BE91A8-35C8-4FBC-BAFE-3CEEFA165AE3}.Release|Any CPU.ActiveCfg = Release|Any CPU
		{F5BE91A8-35C8-4FBC-BAFE-3CEEFA165AE3}.Release|Any CPU.Build.0 = Release|Any CPU
	EndGlobalSection
	GlobalSection(SolutionProperties) = preSolution
		HideSolutionNode = FALSE
	EndGlobalSection
	GlobalSection(ExtensibilityGlobals) = postSolution
		SolutionGuid = {2A47A68C-8BDD-40B7-AA3B-EE03BF328A9F}
	EndGlobalSection
EndGlobal
